
Microsoft Visual Studio Solution File, Format Version 12.00
# Visual Studio Version 17
VisualStudioVersion = 17.6.33815.320
MinimumVisualStudioVersion = 10.0.40219.1
Project("{FAE04EC0-301F-11D3-BF4B-00C04F79EFBC}") = "Topic 1 The basics", "Topic 1 The basics.csproj", "{A10297CB-10F8-4F63-AB84-6C2DCC4A649B}"
EndProject
Global
	GlobalSection(SolutionConfigurationPlatforms) = preSolution
		Debug|Any CPU = Debug|Any CPU
		Release|Any CPU = Release|Any CPU
	EndGlobalSection
	GlobalSection(ProjectConfigurationPlatforms) = postSolution
		{A10297CB-10F8-4F63-AB84-6C2DCC4A649B}.Debug|Any CPU.ActiveCfg = Debug|Any CPU
		{A10297CB-10F8-4F63-AB84-6C2DCC4A649B}.Debug|Any CPU.Build.0 = Debug|Any CPU
		{A10297CB-10F8-4F63-AB84-6C2DCC4A649B}.Release|Any CPU.ActiveCfg = Release|Any CPU
		{A10297CB-10F8-4F63-AB84-6C2DCC4A649B}.Release|Any CPU.Build.0 = Release|Any CPU
	EndGlobalSection
	GlobalSection(SolutionProperties) = preSolution
		HideSolutionNode = FALSE
	EndGlobalSection
	GlobalSection(ExtensibilityGlobals) = postSolution
		SolutionGuid = {2E0F29D6-539D-4906-A724-20852E8B2E67}
	EndGlobalSection
EndGlobal
